
Microsoft Visual Studio Solution File, Format Version 12.00
Project("{FAE04EC0-301F-11D3-BF4B-00C04F79EFBC}") = "CartService.Application.Tests", "CartService.Application.Tests\CartService.Application.Tests.csproj", "{6DF456F0-B300-4200-B2CF-FDB753952125}"
EndProject
Project("{FAE04EC0-301F-11D3-BF4B-00C04F79EFBC}") = "CartService", "CartService\CartService.csproj", "{96455521-77DA-4086-82CF-DF632A3F76E1}"
EndProject
Global
	GlobalSection(SolutionConfigurationPlatforms) = preSolution
		Debug|Any CPU = Debug|Any CPU
		Release|Any CPU = Release|Any CPU
	EndGlobalSection
	GlobalSection(ProjectConfigurationPlatforms) = postSolution
		{6DF456F0-B300-4200-B2CF-FDB753952125}.Debug|Any CPU.ActiveCfg = Debug|Any CPU
		{6DF456F0-B300-4200-B2CF-FDB753952125}.Debug|Any CPU.Build.0 = Debug|Any CPU
		{6DF456F0-B300-4200-B2CF-FDB753952125}.Release|Any CPU.ActiveCfg = Release|Any CPU
		{6DF456F0-B300-4200-B2CF-FDB753952125}.Release|Any CPU.Build.0 = Release|Any CPU
		{96455521-77DA-4086-82CF-DF632A3F76E1}.Debug|Any CPU.ActiveCfg = Debug|Any CPU
		{96455521-77DA-4086-82CF-DF632A3F76E1}.Debug|Any CPU.Build.0 = Debug|Any CPU
		{96455521-77DA-4086-82CF-DF632A3F76E1}.Release|Any CPU.ActiveCfg = Release|Any CPU
		{96455521-77DA-4086-82CF-DF632A3F76E1}.Release|Any CPU.Build.0 = Release|Any CPU
	EndGlobalSection
EndGlobal
