
Microsoft Visual Studio Solution File, Format Version 12.00
# Visual Studio Version 17
VisualStudioVersion = 17.10.35122.118
MinimumVisualStudioVersion = 10.0.40219.1
Project("{FAE04EC0-301F-11D3-BF4B-00C04F79EFBC}") = "Catalog.Application", "Catalog.Application\Catalog.Application.csproj", "{96014168-1152-4DE5-A27C-FB2FE7724A14}"
EndProject
Project("{FAE04EC0-301F-11D3-BF4B-00C04F79EFBC}") = "Catalog.Domain", "Catalog.Domain\Catalog.Domain.csproj", "{64D08080-B071-4589-A016-7C64C5EEF294}"
EndProject
Project("{FAE04EC0-301F-11D3-BF4B-00C04F79EFBC}") = "Catalog.Infrastructure", "Catalog.Infrastructure\Catalog.Infrastructure.csproj", "{C4CF2EA5-61C3-4EA6-B9C1-C86D2D6E6F91}"
EndProject
Project("{2150E333-8FDC-42A3-9474-1A3956D46DE8}") = "Catalog.Tests", "Catalog.Tests", "{B0024C13-4167-4AB3-B1DD-EB67CFE3C789}"
EndProject
Project("{FAE04EC0-301F-11D3-BF4B-00C04F79EFBC}") = "Catalog.Domain.Tests", "Catalog.Domain.Tests\Catalog.Domain.Tests.csproj", "{DAC30453-CEE1-48F0-A986-D84ACDA9DE82}"
EndProject
Project("{FAE04EC0-301F-11D3-BF4B-00C04F79EFBC}") = "Catalog.Application.Tests", "Catalog.Application.Tests\Catalog.Application.Tests.csproj", "{8C58CFB7-DA53-499A-A41E-2535E1025192}"
EndProject
Project("{FAE04EC0-301F-11D3-BF4B-00C04F79EFBC}") = "Catalog.Api", "Catalog.Api\Catalog.Api.csproj", "{27C511DB-7891-4B40-9714-2614A03B8D10}"
EndProject
Global
	GlobalSection(SolutionConfigurationPlatforms) = preSolution
		Debug|Any CPU = Debug|Any CPU
		Release|Any CPU = Release|Any CPU
	EndGlobalSection
	GlobalSection(ProjectConfigurationPlatforms) = postSolution
		{96014168-1152-4DE5-A27C-FB2FE7724A14}.Debug|Any CPU.ActiveCfg = Debug|Any CPU
		{96014168-1152-4DE5-A27C-FB2FE7724A14}.Debug|Any CPU.Build.0 = Debug|Any CPU
		{96014168-1152-4DE5-A27C-FB2FE7724A14}.Release|Any CPU.ActiveCfg = Release|Any CPU
		{96014168-1152-4DE5-A27C-FB2FE7724A14}.Release|Any CPU.Build.0 = Release|Any CPU
		{64D08080-B071-4589-A016-7C64C5EEF294}.Debug|Any CPU.ActiveCfg = Debug|Any CPU
		{64D08080-B071-4589-A016-7C64C5EEF294}.Debug|Any CPU.Build.0 = Debug|Any CPU
		{64D08080-B071-4589-A016-7C64C5EEF294}.Release|Any CPU.ActiveCfg = Release|Any CPU
		{64D08080-B071-4589-A016-7C64C5EEF294}.Release|Any CPU.Build.0 = Release|Any CPU
		{C4CF2EA5-61C3-4EA6-B9C1-C86D2D6E6F91}.Debug|Any CPU.ActiveCfg = Debug|Any CPU
		{C4CF2EA5-61C3-4EA6-B9C1-C86D2D6E6F91}.Debug|Any CPU.Build.0 = Debug|Any CPU
		{C4CF2EA5-61C3-4EA6-B9C1-C86D2D6E6F91}.Release|Any CPU.ActiveCfg = Release|Any CPU
		{C4CF2EA5-61C3-4EA6-B9C1-C86D2D6E6F91}.Release|Any CPU.Build.0 = Release|Any CPU
		{DAC30453-CEE1-48F0-A986-D84ACDA9DE82}.Debug|Any CPU.ActiveCfg = Debug|Any CPU
		{DAC30453-CEE1-48F0-A986-D84ACDA9DE82}.Debug|Any CPU.Build.0 = Debug|Any CPU
		{DAC30453-CEE1-48F0-A986-D84ACDA9DE82}.Release|Any CPU.ActiveCfg = Release|Any CPU
		{DAC30453-CEE1-48F0-A986-D84ACDA9DE82}.Release|Any CPU.Build.0 = Release|Any CPU
		{8C58CFB7-DA53-499A-A41E-2535E1025192}.Debug|Any CPU.ActiveCfg = Debug|Any CPU
		{8C58CFB7-DA53-499A-A41E-2535E1025192}.Debug|Any CPU.Build.0 = Debug|Any CPU
		{8C58CFB7-DA53-499A-A41E-2535E1025192}.Release|Any CPU.ActiveCfg = Release|Any CPU
		{8C58CFB7-DA53-499A-A41E-2535E1025192}.Release|Any CPU.Build.0 = Release|Any CPU
		{27C511DB-7891-4B40-9714-2614A03B8D10}.Debug|Any CPU.ActiveCfg = Debug|Any CPU
		{27C511DB-7891-4B40-9714-2614A03B8D10}.Debug|Any CPU.Build.0 = Debug|Any CPU
		{27C511DB-7891-4B40-9714-2614A03B8D10}.Release|Any CPU.ActiveCfg = Release|Any CPU
		{27C511DB-7891-4B40-9714-2614A03B8D10}.Release|Any CPU.Build.0 = Release|Any CPU
	EndGlobalSection
	GlobalSection(SolutionProperties) = preSolution
		HideSolutionNode = FALSE
	EndGlobalSection
	GlobalSection(ExtensibilityGlobals) = postSolution
		SolutionGuid = {340A708D-068D-4FD0-912F-CEEBFEC94FC6}
	EndGlobalSection
	GlobalSection(NestedProjects) = preSolution
		{DAC30453-CEE1-48F0-A986-D84ACDA9DE82} = {B0024C13-4167-4AB3-B1DD-EB67CFE3C789}
		{8C58CFB7-DA53-499A-A41E-2535E1025192} = {B0024C13-4167-4AB3-B1DD-EB67CFE3C789}
	EndGlobalSection
EndGlobal
