
Microsoft Visual Studio Solution File, Format Version 12.00
# Visual Studio Version 17
VisualStudioVersion = 17.10.35122.118
MinimumVisualStudioVersion = 10.0.40219.1
Project("{FAE04EC0-301F-11D3-BF4B-00C04F79EFBC}") = "Catalog.Application", "Catalog.Application\Catalog.Application.csproj", "{96014168-1152-4DE5-A27C-FB2FE7724A14}"
EndProject
Project("{FAE04EC0-301F-11D3-BF4B-00C04F79EFBC}") = "Catalog.Persistence", "Catalog.Persistence\Catalog.Persistence.csproj", "{3E590211-3AF6-499D-BA00-225462B0923D}"
EndProject
Project("{FAE04EC0-301F-11D3-BF4B-00C04F79EFBC}") = "Catalog.Contracts", "Catalog.Contracts\Catalog.Contracts.csproj", "{CE4F8BF5-9E0B-4D86-B848-C8170C8D7E79}"
EndProject
Project("{FAE04EC0-301F-11D3-BF4B-00C04F79EFBC}") = "Catalog.Domain", "Catalog.Domain\Catalog.Domain.csproj", "{64D08080-B071-4589-A016-7C64C5EEF294}"
EndProject
Project("{FAE04EC0-301F-11D3-BF4B-00C04F79EFBC}") = "Catalog.Infrastructure", "Catalog.Infrastructure\Catalog.Infrastructure.csproj", "{C4CF2EA5-61C3-4EA6-B9C1-C86D2D6E6F91}"
EndProject
Global
	GlobalSection(SolutionConfigurationPlatforms) = preSolution
		Debug|Any CPU = Debug|Any CPU
		Release|Any CPU = Release|Any CPU
	EndGlobalSection
	GlobalSection(ProjectConfigurationPlatforms) = postSolution
		{96014168-1152-4DE5-A27C-FB2FE7724A14}.Debug|Any CPU.ActiveCfg = Debug|Any CPU
		{96014168-1152-4DE5-A27C-FB2FE7724A14}.Debug|Any CPU.Build.0 = Debug|Any CPU
		{96014168-1152-4DE5-A27C-FB2FE7724A14}.Release|Any CPU.ActiveCfg = Release|Any CPU
		{96014168-1152-4DE5-A27C-FB2FE7724A14}.Release|Any CPU.Build.0 = Release|Any CPU
		{3E590211-3AF6-499D-BA00-225462B0923D}.Debug|Any CPU.ActiveCfg = Debug|Any CPU
		{3E590211-3AF6-499D-BA00-225462B0923D}.Debug|Any CPU.Build.0 = Debug|Any CPU
		{3E590211-3AF6-499D-BA00-225462B0923D}.Release|Any CPU.ActiveCfg = Release|Any CPU
		{3E590211-3AF6-499D-BA00-225462B0923D}.Release|Any CPU.Build.0 = Release|Any CPU
		{CE4F8BF5-9E0B-4D86-B848-C8170C8D7E79}.Debug|Any CPU.ActiveCfg = Debug|Any CPU
		{CE4F8BF5-9E0B-4D86-B848-C8170C8D7E79}.Debug|Any CPU.Build.0 = Debug|Any CPU
		{CE4F8BF5-9E0B-4D86-B848-C8170C8D7E79}.Release|Any CPU.ActiveCfg = Release|Any CPU
		{CE4F8BF5-9E0B-4D86-B848-C8170C8D7E79}.Release|Any CPU.Build.0 = Release|Any CPU
		{64D08080-B071-4589-A016-7C64C5EEF294}.Debug|Any CPU.ActiveCfg = Debug|Any CPU
		{64D08080-B071-4589-A016-7C64C5EEF294}.Debug|Any CPU.Build.0 = Debug|Any CPU
		{64D08080-B071-4589-A016-7C64C5EEF294}.Release|Any CPU.ActiveCfg = Release|Any CPU
		{64D08080-B071-4589-A016-7C64C5EEF294}.Release|Any CPU.Build.0 = Release|Any CPU
		{C4CF2EA5-61C3-4EA6-B9C1-C86D2D6E6F91}.Debug|Any CPU.ActiveCfg = Debug|Any CPU
		{C4CF2EA5-61C3-4EA6-B9C1-C86D2D6E6F91}.Debug|Any CPU.Build.0 = Debug|Any CPU
		{C4CF2EA5-61C3-4EA6-B9C1-C86D2D6E6F91}.Release|Any CPU.ActiveCfg = Release|Any CPU
		{C4CF2EA5-61C3-4EA6-B9C1-C86D2D6E6F91}.Release|Any CPU.Build.0 = Release|Any CPU
	EndGlobalSection
	GlobalSection(SolutionProperties) = preSolution
		HideSolutionNode = FALSE
	EndGlobalSection
	GlobalSection(ExtensibilityGlobals) = postSolution
		SolutionGuid = {340A708D-068D-4FD0-912F-CEEBFEC94FC6}
	EndGlobalSection
EndGlobal
